{
  "name": "bb-content-protection-jwt-demo",
  "version": "1.0.0",
  "lockfileVersion": 2,
  "requires": true,
  "packages": {
    "": {
      "name": "bb-content-protection-jwt-demo",
      "version": "1.0.0",
      "license": "ISC",
      "dependencies": {
        "webcrypto-jwt": "^0.2.2"
      }
    },
    "node_modules/webcrypto-jwt": {
      "version": "0.2.2",
      "resolved": "https://registry.npmjs.org/webcrypto-jwt/-/webcrypto-jwt-0.2.2.tgz",
      "integrity": "sha512-ykmbh97Pf68pI9P/K12pRGPVovY+r0WC+DwdWS93omRYwlaCTSIs20tV7EDny1aHTNaZGFByE4t0fVI7V4OffA=="
    }
  },
  "dependencies": {
    "webcrypto-jwt": {
      "version": "0.2.2",
      "resolved": "https://registry.npmjs.org/webcrypto-jwt/-/webcrypto-jwt-0.2.2.tgz",
      "integrity": "sha512-ykmbh97Pf68pI9P/K12pRGPVovY+r0WC+DwdWS93omRYwlaCTSIs20tV7EDny1aHTNaZGFByE4t0fVI7V4OffA=="
    }
  }
}
